
Microsoft Visual Studio Solution File, Format Version 11.00
# Visual Studio 2010
Project("{8BC9CEB8-8B4A-11D0-8D11-00A0C91BC942}") = "test", "test\test.vcxproj", "{F441D360-F896-4C2C-97BF-010EFDB88582}"
EndProject
Project("{8BC9CEB8-8B4A-11D0-8D11-00A0C91BC942}") = "example", "example\example.vcxproj", "{47631564-325D-4802-A697-5BC3A8EB57D9}"
EndProject
Global
	GlobalSection(SolutionConfigurationPlatforms) = preSolution
		Debug|Win32 = Debug|Win32
		Release|Win32 = Release|Win32
	EndGlobalSection
	GlobalSection(ProjectConfigurationPlatforms) = postSolution
		{F441D360-F896-4C2C-97BF-010EFDB88582}.Debug|Win32.ActiveCfg = Debug|Win32
		{F441D360-F896-4C2C-97BF-010EFDB88582}.Debug|Win32.Build.0 = Debug|Win32
		{F441D360-F896-4C2C-97BF-010EFDB88582}.Release|Win32.ActiveCfg = Release|Win32
		{F441D360-F896-4C2C-97BF-010EFDB88582}.Release|Win32.Build.0 = Release|Win32
		{47631564-325D-4802-A697-5BC3A8EB57D9}.Debug|Win32.ActiveCfg = Debug|Win32
		{47631564-325D-4802-A697-5BC3A8EB57D9}.Debug|Win32.Build.0 = Debug|Win32
		{47631564-325D-4802-A697-5BC3A8EB57D9}.Release|Win32.ActiveCfg = Release|Win32
		{47631564-325D-4802-A697-5BC3A8EB57D9}.Release|Win32.Build.0 = Release|Win32
	EndGlobalSection
	GlobalSection(SolutionProperties) = preSolution
		HideSolutionNode = FALSE
	EndGlobalSection
EndGlobal
